
Microsoft Visual Studio Solution File, Format Version 12.00
# Visual Studio 15
VisualStudioVersion = 15.0.28307.168
MinimumVisualStudioVersion = 10.0.40219.1
Project("{FAE04EC0-301F-11D3-BF4B-00C04F79EFBC}") = "DurationCalculator", "DurationCalculator\DurationCalculator.csproj", "{F3F7A552-E6BC-4492-A1AA-9CDFD6470E76}"
EndProject
Global
	GlobalSection(SolutionConfigurationPlatforms) = preSolution
		Debug|Any CPU = Debug|Any CPU
		Release|Any CPU = Release|Any CPU
	EndGlobalSection
	GlobalSection(ProjectConfigurationPlatforms) = postSolution
		{F3F7A552-E6BC-4492-A1AA-9CDFD6470E76}.Debug|Any CPU.ActiveCfg = Debug|Any CPU
		{F3F7A552-E6BC-4492-A1AA-9CDFD6470E76}.Debug|Any CPU.Build.0 = Debug|Any CPU
		{F3F7A552-E6BC-4492-A1AA-9CDFD6470E76}.Release|Any CPU.ActiveCfg = Release|Any CPU
		{F3F7A552-E6BC-4492-A1AA-9CDFD6470E76}.Release|Any CPU.Build.0 = Release|Any CPU
	EndGlobalSection
	GlobalSection(SolutionProperties) = preSolution
		HideSolutionNode = FALSE
	EndGlobalSection
	GlobalSection(ExtensibilityGlobals) = postSolution
		SolutionGuid = {59F7A9E0-9FCD-43EB-8261-DCAFC23C594F}
	EndGlobalSection
EndGlobal
